
Microsoft Visual Studio Solution File, Format Version 12.00
# Visual Studio 2013
VisualStudioVersion = 12.0.20827.3
MinimumVisualStudioVersion = 10.0.40219.1
Project("{2150E333-8FDC-42A3-9474-1A3956D46DE8}") = "DeviceInfoPlugin", "DeviceInfoPlugin", "{DB62220F-85F0-40E8-9362-F413156837CF}"
EndProject
Project("{2150E333-8FDC-42A3-9474-1A3956D46DE8}") = "Sample", "Sample", "{4343E0E6-EC15-4E15-85EB-CC47ADF85C6D}"
EndProject
Project("{FAE04EC0-301F-11D3-BF4B-00C04F79EFBC}") = "EShyMedia.MvvmCross.Plugins.DeviceInfo", "EShyMedia.MvvmCross.Plugins.DeviceInfo\EShyMedia.MvvmCross.Plugins.DeviceInfo.csproj", "{9D5C6732-ADAE-4676-86F0-379899A867FF}"
EndProject
Project("{FAE04EC0-301F-11D3-BF4B-00C04F79EFBC}") = "EShyMedia.MvvmCross.Plugins.DeviceInfo.Droid", "EShyMedia.MvvmCross.Plugins.DeviceInfo.Droid\EShyMedia.MvvmCross.Plugins.DeviceInfo.Droid.csproj", "{36228B32-A08B-477B-9320-EC5EA5DF05A3}"
EndProject
Project("{FAE04EC0-301F-11D3-BF4B-00C04F79EFBC}") = "EShyMedia.MvvmCross.Plugins.DeviceInfo.Touch", "EShyMedia.MvvmCross.Plugins.DeviceInfo.Touch\EShyMedia.MvvmCross.Plugins.DeviceInfo.Touch.csproj", "{66002805-EBCE-4B07-A0B3-9BE19927FF87}"
EndProject
Project("{FAE04EC0-301F-11D3-BF4B-00C04F79EFBC}") = "EShyMedia.MvvmCross.Plugins.DeviceInfo.WindowsPhone", "EShyMedia.MvvmCross.Plugins.DeviceInfo.WindowsPhone\EShyMedia.MvvmCross.Plugins.DeviceInfo.WindowsPhone.csproj", "{64C85398-A083-4132-96F2-C703948262EF}"
EndProject
Project("{FAE04EC0-301F-11D3-BF4B-00C04F79EFBC}") = "EShyMedia.MvvmCross.Plugins.DeviceInfo.WindowsStore", "EShyMedia.MvvmCross.Plugins.DeviceInfo.WindowsStore\EShyMedia.MvvmCross.Plugins.DeviceInfo.WindowsStore.csproj", "{4413E9E5-7A45-41CD-BEF8-0DFB3FB11C6B}"
EndProject
Project("{FAE04EC0-301F-11D3-BF4B-00C04F79EFBC}") = "Sample.Core", "Sample.Core\Sample.Core.csproj", "{85E7C710-D317-4E2B-8A80-B9C6FDCE495D}"
EndProject
Project("{FAE04EC0-301F-11D3-BF4B-00C04F79EFBC}") = "Sample.WindowsPhone", "Sample.WindowsPhone\Sample.WindowsPhone.csproj", "{782106C3-3C18-4279-9F9A-AD2946E40EA5}"
EndProject
Project("{FAE04EC0-301F-11D3-BF4B-00C04F79EFBC}") = "Sample.Android", "Sample.Android\Sample.Android.csproj", "{F66166D5-7E86-4753-B00D-D6C20896CEE8}"
EndProject
Project("{FAE04EC0-301F-11D3-BF4B-00C04F79EFBC}") = "Sample.WindowsStore", "Sample.WindowsStore\Sample.WindowsStore.csproj", "{93A9C4DB-5E88-4426-BAF9-C609C912A998}"
EndProject
Project("{FAE04EC0-301F-11D3-BF4B-00C04F79EFBC}") = "Sample.iOS", "Sample.iOS\Sample.iOS.csproj", "{67895C5F-62E7-44AE-907D-E031BE608748}"
EndProject
Global
	GlobalSection(SolutionConfigurationPlatforms) = preSolution
		Ad-Hoc|Any CPU = Ad-Hoc|Any CPU
		Ad-Hoc|ARM = Ad-Hoc|ARM
		Ad-Hoc|iPhone = Ad-Hoc|iPhone
		Ad-Hoc|iPhoneSimulator = Ad-Hoc|iPhoneSimulator
		Ad-Hoc|Mixed Platforms = Ad-Hoc|Mixed Platforms
		Ad-Hoc|x64 = Ad-Hoc|x64
		Ad-Hoc|x86 = Ad-Hoc|x86
		AppStore|Any CPU = AppStore|Any CPU
		AppStore|ARM = AppStore|ARM
		AppStore|iPhone = AppStore|iPhone
		AppStore|iPhoneSimulator = AppStore|iPhoneSimulator
		AppStore|Mixed Platforms = AppStore|Mixed Platforms
		AppStore|x64 = AppStore|x64
		AppStore|x86 = AppStore|x86
		Debug|Any CPU = Debug|Any CPU
		Debug|ARM = Debug|ARM
		Debug|iPhone = Debug|iPhone
		Debug|iPhoneSimulator = Debug|iPhoneSimulator
		Debug|Mixed Platforms = Debug|Mixed Platforms
		Debug|x64 = Debug|x64
		Debug|x86 = Debug|x86
		Release|Any CPU = Release|Any CPU
		Release|ARM = Release|ARM
		Release|iPhone = Release|iPhone
		Release|iPhoneSimulator = Release|iPhoneSimulator
		Release|Mixed Platforms = Release|Mixed Platforms
		Release|x64 = Release|x64
		Release|x86 = Release|x86
	EndGlobalSection
	GlobalSection(ProjectConfigurationPlatforms) = postSolution
		{9D5C6732-ADAE-4676-86F0-379899A867FF}.Ad-Hoc|Any CPU.ActiveCfg = Release|Any CPU
		{9D5C6732-ADAE-4676-86F0-379899A867FF}.Ad-Hoc|Any CPU.Build.0 = Release|Any CPU
		{9D5C6732-ADAE-4676-86F0-379899A867FF}.Ad-Hoc|ARM.ActiveCfg = Release|Any CPU
		{9D5C6732-ADAE-4676-86F0-379899A867FF}.Ad-Hoc|iPhone.ActiveCfg = Release|Any CPU
		{9D5C6732-ADAE-4676-86F0-379899A867FF}.Ad-Hoc|iPhoneSimulator.ActiveCfg = Release|Any CPU
		{9D5C6732-ADAE-4676-86F0-379899A867FF}.Ad-Hoc|Mixed Platforms.ActiveCfg = Release|Any CPU
		{9D5C6732-ADAE-4676-86F0-379899A867FF}.Ad-Hoc|Mixed Platforms.Build.0 = Release|Any CPU
		{9D5C6732-ADAE-4676-86F0-379899A867FF}.Ad-Hoc|x64.ActiveCfg = Release|Any CPU
		{9D5C6732-ADAE-4676-86F0-379899A867FF}.Ad-Hoc|x86.ActiveCfg = Release|Any CPU
		{9D5C6732-ADAE-4676-86F0-379899A867FF}.AppStore|Any CPU.ActiveCfg = Release|Any CPU
		{9D5C6732-ADAE-4676-86F0-379899A867FF}.AppStore|Any CPU.Build.0 = Release|Any CPU
		{9D5C6732-ADAE-4676-86F0-379899A867FF}.AppStore|ARM.ActiveCfg = Release|Any CPU
		{9D5C6732-ADAE-4676-86F0-379899A867FF}.AppStore|iPhone.ActiveCfg = Release|Any CPU
		{9D5C6732-ADAE-4676-86F0-379899A867FF}.AppStore|iPhoneSimulator.ActiveCfg = Release|Any CPU
		{9D5C6732-ADAE-4676-86F0-379899A867FF}.AppStore|Mixed Platforms.ActiveCfg = Release|Any CPU
		{9D5C6732-ADAE-4676-86F0-379899A867FF}.AppStore|Mixed Platforms.Build.0 = Release|Any CPU
		{9D5C6732-ADAE-4676-86F0-379899A867FF}.AppStore|x64.ActiveCfg = Release|Any CPU
		{9D5C6732-ADAE-4676-86F0-379899A867FF}.AppStore|x86.ActiveCfg = Release|Any CPU
		{9D5C6732-ADAE-4676-86F0-379899A867FF}.Debug|Any CPU.ActiveCfg = Debug|Any CPU
		{9D5C6732-ADAE-4676-86F0-379899A867FF}.Debug|Any CPU.Build.0 = Debug|Any CPU
		{9D5C6732-ADAE-4676-86F0-379899A867FF}.Debug|ARM.ActiveCfg = Debug|Any CPU
		{9D5C6732-ADAE-4676-86F0-379899A867FF}.Debug|iPhone.ActiveCfg = Debug|Any CPU
		{9D5C6732-ADAE-4676-86F0-379899A867FF}.Debug|iPhone.Build.0 = Debug|Any CPU
		{9D5C6732-ADAE-4676-86F0-379899A867FF}.Debug|iPhoneSimulator.ActiveCfg = Debug|Any CPU
		{9D5C6732-ADAE-4676-86F0-379899A867FF}.Debug|iPhoneSimulator.Build.0 = Debug|Any CPU
		{9D5C6732-ADAE-4676-86F0-379899A867FF}.Debug|Mixed Platforms.ActiveCfg = Debug|Any CPU
		{9D5C6732-ADAE-4676-86F0-379899A867FF}.Debug|Mixed Platforms.Build.0 = Debug|Any CPU
		{9D5C6732-ADAE-4676-86F0-379899A867FF}.Debug|x64.ActiveCfg = Debug|Any CPU
		{9D5C6732-ADAE-4676-86F0-379899A867FF}.Debug|x86.ActiveCfg = Debug|Any CPU
		{9D5C6732-ADAE-4676-86F0-379899A867FF}.Release|Any CPU.ActiveCfg = Release|Any CPU
		{9D5C6732-ADAE-4676-86F0-379899A867FF}.Release|Any CPU.Build.0 = Release|Any CPU
		{9D5C6732-ADAE-4676-86F0-379899A867FF}.Release|ARM.ActiveCfg = Release|Any CPU
		{9D5C6732-ADAE-4676-86F0-379899A867FF}.Release|iPhone.ActiveCfg = Release|Any CPU
		{9D5C6732-ADAE-4676-86F0-379899A867FF}.Release|iPhone.Build.0 = Release|Any CPU
		{9D5C6732-ADAE-4676-86F0-379899A867FF}.Release|iPhoneSimulator.ActiveCfg = Release|Any CPU
		{9D5C6732-ADAE-4676-86F0-379899A867FF}.Release|Mixed Platforms.ActiveCfg = Release|Any CPU
		{9D5C6732-ADAE-4676-86F0-379899A867FF}.Release|Mixed Platforms.Build.0 = Release|Any CPU
		{9D5C6732-ADAE-4676-86F0-379899A867FF}.Release|x64.ActiveCfg = Release|Any CPU
		{9D5C6732-ADAE-4676-86F0-379899A867FF}.Release|x86.ActiveCfg = Release|Any CPU
		{36228B32-A08B-477B-9320-EC5EA5DF05A3}.Ad-Hoc|Any CPU.ActiveCfg = Release|Any CPU
		{36228B32-A08B-477B-9320-EC5EA5DF05A3}.Ad-Hoc|Any CPU.Build.0 = Release|Any CPU
		{36228B32-A08B-477B-9320-EC5EA5DF05A3}.Ad-Hoc|ARM.ActiveCfg = Release|Any CPU
		{36228B32-A08B-477B-9320-EC5EA5DF05A3}.Ad-Hoc|iPhone.ActiveCfg = Release|Any CPU
		{36228B32-A08B-477B-9320-EC5EA5DF05A3}.Ad-Hoc|iPhoneSimulator.ActiveCfg = Release|Any CPU
		{36228B32-A08B-477B-9320-EC5EA5DF05A3}.Ad-Hoc|Mixed Platforms.ActiveCfg = Release|Any CPU
		{36228B32-A08B-477B-9320-EC5EA5DF05A3}.Ad-Hoc|Mixed Platforms.Build.0 = Release|Any CPU
		{36228B32-A08B-477B-9320-EC5EA5DF05A3}.Ad-Hoc|x64.ActiveCfg = Release|Any CPU
		{36228B32-A08B-477B-9320-EC5EA5DF05A3}.Ad-Hoc|x86.ActiveCfg = Release|Any CPU
		{36228B32-A08B-477B-9320-EC5EA5DF05A3}.AppStore|Any CPU.ActiveCfg = Release|Any CPU
		{36228B32-A08B-477B-9320-EC5EA5DF05A3}.AppStore|Any CPU.Build.0 = Release|Any CPU
		{36228B32-A08B-477B-9320-EC5EA5DF05A3}.AppStore|ARM.ActiveCfg = Release|Any CPU
		{36228B32-A08B-477B-9320-EC5EA5DF05A3}.AppStore|iPhone.ActiveCfg = Release|Any CPU
		{36228B32-A08B-477B-9320-EC5EA5DF05A3}.AppStore|iPhoneSimulator.ActiveCfg = Release|Any CPU
		{36228B32-A08B-477B-9320-EC5EA5DF05A3}.AppStore|Mixed Platforms.ActiveCfg = Release|Any CPU
		{36228B32-A08B-477B-9320-EC5EA5DF05A3}.AppStore|Mixed Platforms.Build.0 = Release|Any CPU
		{36228B32-A08B-477B-9320-EC5EA5DF05A3}.AppStore|x64.ActiveCfg = Release|Any CPU
		{36228B32-A08B-477B-9320-EC5EA5DF05A3}.AppStore|x86.ActiveCfg = Release|Any CPU
		{36228B32-A08B-477B-9320-EC5EA5DF05A3}.Debug|Any CPU.ActiveCfg = Debug|Any CPU
		{36228B32-A08B-477B-9320-EC5EA5DF05A3}.Debug|Any CPU.Build.0 = Debug|Any CPU
		{36228B32-A08B-477B-9320-EC5EA5DF05A3}.Debug|ARM.ActiveCfg = Debug|Any CPU
		{36228B32-A08B-477B-9320-EC5EA5DF05A3}.Debug|iPhone.ActiveCfg = Debug|Any CPU
		{36228B32-A08B-477B-9320-EC5EA5DF05A3}.Debug|iPhoneSimulator.ActiveCfg = Debug|Any CPU
		{36228B32-A08B-477B-9320-EC5EA5DF05A3}.Debug|Mixed Platforms.ActiveCfg = Debug|Any CPU
		{36228B32-A08B-477B-9320-EC5EA5DF05A3}.Debug|Mixed Platforms.Build.0 = Debug|Any CPU
		{36228B32-A08B-477B-9320-EC5EA5DF05A3}.Debug|x64.ActiveCfg = Debug|Any CPU
		{36228B32-A08B-477B-9320-EC5EA5DF05A3}.Debug|x86.ActiveCfg = Debug|Any CPU
		{36228B32-A08B-477B-9320-EC5EA5DF05A3}.Release|Any CPU.ActiveCfg = Release|Any CPU
		{36228B32-A08B-477B-9320-EC5EA5DF05A3}.Release|Any CPU.Build.0 = Release|Any CPU
		{36228B32-A08B-477B-9320-EC5EA5DF05A3}.Release|ARM.ActiveCfg = Release|Any CPU
		{36228B32-A08B-477B-9320-EC5EA5DF05A3}.Release|iPhone.ActiveCfg = Release|Any CPU
		{36228B32-A08B-477B-9320-EC5EA5DF05A3}.Release|iPhoneSimulator.ActiveCfg = Release|Any CPU
		{36228B32-A08B-477B-9320-EC5EA5DF05A3}.Release|Mixed Platforms.ActiveCfg = Release|Any CPU
		{36228B32-A08B-477B-9320-EC5EA5DF05A3}.Release|Mixed Platforms.Build.0 = Release|Any CPU
		{36228B32-A08B-477B-9320-EC5EA5DF05A3}.Release|x64.ActiveCfg = Release|Any CPU
		{36228B32-A08B-477B-9320-EC5EA5DF05A3}.Release|x86.ActiveCfg = Release|Any CPU
		{66002805-EBCE-4B07-A0B3-9BE19927FF87}.Ad-Hoc|Any CPU.ActiveCfg = Release|Any CPU
		{66002805-EBCE-4B07-A0B3-9BE19927FF87}.Ad-Hoc|Any CPU.Build.0 = Release|Any CPU
		{66002805-EBCE-4B07-A0B3-9BE19927FF87}.Ad-Hoc|ARM.ActiveCfg = Release|Any CPU
		{66002805-EBCE-4B07-A0B3-9BE19927FF87}.Ad-Hoc|iPhone.ActiveCfg = Release|Any CPU
		{66002805-EBCE-4B07-A0B3-9BE19927FF87}.Ad-Hoc|iPhoneSimulator.ActiveCfg = Release|Any CPU
		{66002805-EBCE-4B07-A0B3-9BE19927FF87}.Ad-Hoc|Mixed Platforms.ActiveCfg = Release|Any CPU
		{66002805-EBCE-4B07-A0B3-9BE19927FF87}.Ad-Hoc|Mixed Platforms.Build.0 = Release|Any CPU
		{66002805-EBCE-4B07-A0B3-9BE19927FF87}.Ad-Hoc|x64.ActiveCfg = Release|Any CPU
		{66002805-EBCE-4B07-A0B3-9BE19927FF87}.Ad-Hoc|x86.ActiveCfg = Release|Any CPU
		{66002805-EBCE-4B07-A0B3-9BE19927FF87}.AppStore|Any CPU.ActiveCfg = Release|Any CPU
		{66002805-EBCE-4B07-A0B3-9BE19927FF87}.AppStore|Any CPU.Build.0 = Release|Any CPU
		{66002805-EBCE-4B07-A0B3-9BE19927FF87}.AppStore|ARM.ActiveCfg = Release|Any CPU
		{66002805-EBCE-4B07-A0B3-9BE19927FF87}.AppStore|iPhone.ActiveCfg = Release|Any CPU
		{66002805-EBCE-4B07-A0B3-9BE19927FF87}.AppStore|iPhoneSimulator.ActiveCfg = Release|Any CPU
		{66002805-EBCE-4B07-A0B3-9BE19927FF87}.AppStore|Mixed Platforms.ActiveCfg = Release|Any CPU
		{66002805-EBCE-4B07-A0B3-9BE19927FF87}.AppStore|Mixed Platforms.Build.0 = Release|Any CPU
		{66002805-EBCE-4B07-A0B3-9BE19927FF87}.AppStore|x64.ActiveCfg = Release|Any CPU
		{66002805-EBCE-4B07-A0B3-9BE19927FF87}.AppStore|x86.ActiveCfg = Release|Any CPU
		{66002805-EBCE-4B07-A0B3-9BE19927FF87}.Debug|Any CPU.ActiveCfg = Debug|Any CPU
		{66002805-EBCE-4B07-A0B3-9BE19927FF87}.Debug|Any CPU.Build.0 = Debug|Any CPU
		{66002805-EBCE-4B07-A0B3-9BE19927FF87}.Debug|ARM.ActiveCfg = Debug|Any CPU
		{66002805-EBCE-4B07-A0B3-9BE19927FF87}.Debug|iPhone.ActiveCfg = Debug|Any CPU
		{66002805-EBCE-4B07-A0B3-9BE19927FF87}.Debug|iPhone.Build.0 = Debug|Any CPU
		{66002805-EBCE-4B07-A0B3-9BE19927FF87}.Debug|iPhoneSimulator.ActiveCfg = Debug|Any CPU
		{66002805-EBCE-4B07-A0B3-9BE19927FF87}.Debug|iPhoneSimulator.Build.0 = Debug|Any CPU
		{66002805-EBCE-4B07-A0B3-9BE19927FF87}.Debug|Mixed Platforms.ActiveCfg = Debug|Any CPU
		{66002805-EBCE-4B07-A0B3-9BE19927FF87}.Debug|Mixed Platforms.Build.0 = Debug|Any CPU
		{66002805-EBCE-4B07-A0B3-9BE19927FF87}.Debug|x64.ActiveCfg = Debug|Any CPU
		{66002805-EBCE-4B07-A0B3-9BE19927FF87}.Debug|x86.ActiveCfg = Debug|Any CPU
		{66002805-EBCE-4B07-A0B3-9BE19927FF87}.Release|Any CPU.ActiveCfg = Release|Any CPU
		{66002805-EBCE-4B07-A0B3-9BE19927FF87}.Release|Any CPU.Build.0 = Release|Any CPU
		{66002805-EBCE-4B07-A0B3-9BE19927FF87}.Release|ARM.ActiveCfg = Release|Any CPU
		{66002805-EBCE-4B07-A0B3-9BE19927FF87}.Release|iPhone.ActiveCfg = Release|Any CPU
		{66002805-EBCE-4B07-A0B3-9BE19927FF87}.Release|iPhone.Build.0 = Release|Any CPU
		{66002805-EBCE-4B07-A0B3-9BE19927FF87}.Release|iPhoneSimulator.ActiveCfg = Release|Any CPU
		{66002805-EBCE-4B07-A0B3-9BE19927FF87}.Release|Mixed Platforms.ActiveCfg = Release|Any CPU
		{66002805-EBCE-4B07-A0B3-9BE19927FF87}.Release|Mixed Platforms.Build.0 = Release|Any CPU
		{66002805-EBCE-4B07-A0B3-9BE19927FF87}.Release|x64.ActiveCfg = Release|Any CPU
		{66002805-EBCE-4B07-A0B3-9BE19927FF87}.Release|x86.ActiveCfg = Release|Any CPU
		{64C85398-A083-4132-96F2-C703948262EF}.Ad-Hoc|Any CPU.ActiveCfg = Release|Any CPU
		{64C85398-A083-4132-96F2-C703948262EF}.Ad-Hoc|Any CPU.Build.0 = Release|Any CPU
		{64C85398-A083-4132-96F2-C703948262EF}.Ad-Hoc|ARM.ActiveCfg = Release|Any CPU
		{64C85398-A083-4132-96F2-C703948262EF}.Ad-Hoc|iPhone.ActiveCfg = Release|Any CPU
		{64C85398-A083-4132-96F2-C703948262EF}.Ad-Hoc|iPhoneSimulator.ActiveCfg = Release|Any CPU
		{64C85398-A083-4132-96F2-C703948262EF}.Ad-Hoc|Mixed Platforms.ActiveCfg = Release|Any CPU
		{64C85398-A083-4132-96F2-C703948262EF}.Ad-Hoc|Mixed Platforms.Build.0 = Release|Any CPU
		{64C85398-A083-4132-96F2-C703948262EF}.Ad-Hoc|x64.ActiveCfg = Release|Any CPU
		{64C85398-A083-4132-96F2-C703948262EF}.Ad-Hoc|x86.ActiveCfg = Release|Any CPU
		{64C85398-A083-4132-96F2-C703948262EF}.AppStore|Any CPU.ActiveCfg = Release|Any CPU
		{64C85398-A083-4132-96F2-C703948262EF}.AppStore|Any CPU.Build.0 = Release|Any CPU
		{64C85398-A083-4132-96F2-C703948262EF}.AppStore|ARM.ActiveCfg = Release|Any CPU
		{64C85398-A083-4132-96F2-C703948262EF}.AppStore|iPhone.ActiveCfg = Release|Any CPU
		{64C85398-A083-4132-96F2-C703948262EF}.AppStore|iPhoneSimulator.ActiveCfg = Release|Any CPU
		{64C85398-A083-4132-96F2-C703948262EF}.AppStore|Mixed Platforms.ActiveCfg = Release|Any CPU
		{64C85398-A083-4132-96F2-C703948262EF}.AppStore|Mixed Platforms.Build.0 = Release|Any CPU
		{64C85398-A083-4132-96F2-C703948262EF}.AppStore|x64.ActiveCfg = Release|Any CPU
		{64C85398-A083-4132-96F2-C703948262EF}.AppStore|x86.ActiveCfg = Release|Any CPU
		{64C85398-A083-4132-96F2-C703948262EF}.Debug|Any CPU.ActiveCfg = Debug|Any CPU
		{64C85398-A083-4132-96F2-C703948262EF}.Debug|Any CPU.Build.0 = Debug|Any CPU
		{64C85398-A083-4132-96F2-C703948262EF}.Debug|ARM.ActiveCfg = Debug|Any CPU
		{64C85398-A083-4132-96F2-C703948262EF}.Debug|iPhone.ActiveCfg = Debug|Any CPU
		{64C85398-A083-4132-96F2-C703948262EF}.Debug|iPhoneSimulator.ActiveCfg = Debug|Any CPU
		{64C85398-A083-4132-96F2-C703948262EF}.Debug|Mixed Platforms.ActiveCfg = Debug|Any CPU
		{64C85398-A083-4132-96F2-C703948262EF}.Debug|Mixed Platforms.Build.0 = Debug|Any CPU
		{64C85398-A083-4132-96F2-C703948262EF}.Debug|x64.ActiveCfg = Debug|Any CPU
		{64C85398-A083-4132-96F2-C703948262EF}.Debug|x86.ActiveCfg = Debug|Any CPU
		{64C85398-A083-4132-96F2-C703948262EF}.Release|Any CPU.ActiveCfg = Release|Any CPU
		{64C85398-A083-4132-96F2-C703948262EF}.Release|Any CPU.Build.0 = Release|Any CPU
		{64C85398-A083-4132-96F2-C703948262EF}.Release|ARM.ActiveCfg = Release|Any CPU
		{64C85398-A083-4132-96F2-C703948262EF}.Release|iPhone.ActiveCfg = Release|Any CPU
		{64C85398-A083-4132-96F2-C703948262EF}.Release|iPhoneSimulator.ActiveCfg = Release|Any CPU
		{64C85398-A083-4132-96F2-C703948262EF}.Release|Mixed Platforms.ActiveCfg = Release|Any CPU
		{64C85398-A083-4132-96F2-C703948262EF}.Release|Mixed Platforms.Build.0 = Release|Any CPU
		{64C85398-A083-4132-96F2-C703948262EF}.Release|x64.ActiveCfg = Release|Any CPU
		{64C85398-A083-4132-96F2-C703948262EF}.Release|x86.ActiveCfg = Release|Any CPU
		{4413E9E5-7A45-41CD-BEF8-0DFB3FB11C6B}.Ad-Hoc|Any CPU.ActiveCfg = Release|Any CPU
		{4413E9E5-7A45-41CD-BEF8-0DFB3FB11C6B}.Ad-Hoc|Any CPU.Build.0 = Release|Any CPU
		{4413E9E5-7A45-41CD-BEF8-0DFB3FB11C6B}.Ad-Hoc|ARM.ActiveCfg = Release|Any CPU
		{4413E9E5-7A45-41CD-BEF8-0DFB3FB11C6B}.Ad-Hoc|iPhone.ActiveCfg = Release|Any CPU
		{4413E9E5-7A45-41CD-BEF8-0DFB3FB11C6B}.Ad-Hoc|iPhoneSimulator.ActiveCfg = Release|Any CPU
		{4413E9E5-7A45-41CD-BEF8-0DFB3FB11C6B}.Ad-Hoc|Mixed Platforms.ActiveCfg = Release|Any CPU
		{4413E9E5-7A45-41CD-BEF8-0DFB3FB11C6B}.Ad-Hoc|Mixed Platforms.Build.0 = Release|Any CPU
		{4413E9E5-7A45-41CD-BEF8-0DFB3FB11C6B}.Ad-Hoc|x64.ActiveCfg = Release|Any CPU
		{4413E9E5-7A45-41CD-BEF8-0DFB3FB11C6B}.Ad-Hoc|x86.ActiveCfg = Release|Any CPU
		{4413E9E5-7A45-41CD-BEF8-0DFB3FB11C6B}.AppStore|Any CPU.ActiveCfg = Release|Any CPU
		{4413E9E5-7A45-41CD-BEF8-0DFB3FB11C6B}.AppStore|Any CPU.Build.0 = Release|Any CPU
		{4413E9E5-7A45-41CD-BEF8-0DFB3FB11C6B}.AppStore|ARM.ActiveCfg = Release|Any CPU
		{4413E9E5-7A45-41CD-BEF8-0DFB3FB11C6B}.AppStore|iPhone.ActiveCfg = Release|Any CPU
		{4413E9E5-7A45-41CD-BEF8-0DFB3FB11C6B}.AppStore|iPhoneSimulator.ActiveCfg = Release|Any CPU
		{4413E9E5-7A45-41CD-BEF8-0DFB3FB11C6B}.AppStore|Mixed Platforms.ActiveCfg = Release|Any CPU
		{4413E9E5-7A45-41CD-BEF8-0DFB3FB11C6B}.AppStore|Mixed Platforms.Build.0 = Release|Any CPU
		{4413E9E5-7A45-41CD-BEF8-0DFB3FB11C6B}.AppStore|x64.ActiveCfg = Release|Any CPU
		{4413E9E5-7A45-41CD-BEF8-0DFB3FB11C6B}.AppStore|x86.ActiveCfg = Release|Any CPU
		{4413E9E5-7A45-41CD-BEF8-0DFB3FB11C6B}.Debug|Any CPU.ActiveCfg = Debug|Any CPU
		{4413E9E5-7A45-41CD-BEF8-0DFB3FB11C6B}.Debug|Any CPU.Build.0 = Debug|Any CPU
		{4413E9E5-7A45-41CD-BEF8-0DFB3FB11C6B}.Debug|ARM.ActiveCfg = Debug|Any CPU
		{4413E9E5-7A45-41CD-BEF8-0DFB3FB11C6B}.Debug|iPhone.ActiveCfg = Debug|Any CPU
		{4413E9E5-7A45-41CD-BEF8-0DFB3FB11C6B}.Debug|iPhoneSimulator.ActiveCfg = Debug|Any CPU
		{4413E9E5-7A45-41CD-BEF8-0DFB3FB11C6B}.Debug|Mixed Platforms.ActiveCfg = Debug|Any CPU
		{4413E9E5-7A45-41CD-BEF8-0DFB3FB11C6B}.Debug|Mixed Platforms.Build.0 = Debug|Any CPU
		{4413E9E5-7A45-41CD-BEF8-0DFB3FB11C6B}.Debug|x64.ActiveCfg = Debug|Any CPU
		{4413E9E5-7A45-41CD-BEF8-0DFB3FB11C6B}.Debug|x86.ActiveCfg = Debug|Any CPU
		{4413E9E5-7A45-41CD-BEF8-0DFB3FB11C6B}.Release|Any CPU.ActiveCfg = Release|Any CPU
		{4413E9E5-7A45-41CD-BEF8-0DFB3FB11C6B}.Release|Any CPU.Build.0 = Release|Any CPU
		{4413E9E5-7A45-41CD-BEF8-0DFB3FB11C6B}.Release|ARM.ActiveCfg = Release|Any CPU
		{4413E9E5-7A45-41CD-BEF8-0DFB3FB11C6B}.Release|iPhone.ActiveCfg = Release|Any CPU
		{4413E9E5-7A45-41CD-BEF8-0DFB3FB11C6B}.Release|iPhoneSimulator.ActiveCfg = Release|Any CPU
		{4413E9E5-7A45-41CD-BEF8-0DFB3FB11C6B}.Release|Mixed Platforms.ActiveCfg = Release|Any CPU
		{4413E9E5-7A45-41CD-BEF8-0DFB3FB11C6B}.Release|Mixed Platforms.Build.0 = Release|Any CPU
		{4413E9E5-7A45-41CD-BEF8-0DFB3FB11C6B}.Release|x64.ActiveCfg = Release|Any CPU
		{4413E9E5-7A45-41CD-BEF8-0DFB3FB11C6B}.Release|x86.ActiveCfg = Release|Any CPU
		{85E7C710-D317-4E2B-8A80-B9C6FDCE495D}.Ad-Hoc|Any CPU.ActiveCfg = Release|Any CPU
		{85E7C710-D317-4E2B-8A80-B9C6FDCE495D}.Ad-Hoc|Any CPU.Build.0 = Release|Any CPU
		{85E7C710-D317-4E2B-8A80-B9C6FDCE495D}.Ad-Hoc|ARM.ActiveCfg = Release|Any CPU
		{85E7C710-D317-4E2B-8A80-B9C6FDCE495D}.Ad-Hoc|iPhone.ActiveCfg = Release|Any CPU
		{85E7C710-D317-4E2B-8A80-B9C6FDCE495D}.Ad-Hoc|iPhoneSimulator.ActiveCfg = Release|Any CPU
		{85E7C710-D317-4E2B-8A80-B9C6FDCE495D}.Ad-Hoc|Mixed Platforms.ActiveCfg = Release|Any CPU
		{85E7C710-D317-4E2B-8A80-B9C6FDCE495D}.Ad-Hoc|Mixed Platforms.Build.0 = Release|Any CPU
		{85E7C710-D317-4E2B-8A80-B9C6FDCE495D}.Ad-Hoc|x64.ActiveCfg = Release|Any CPU
		{85E7C710-D317-4E2B-8A80-B9C6FDCE495D}.Ad-Hoc|x86.ActiveCfg = Release|Any CPU
		{85E7C710-D317-4E2B-8A80-B9C6FDCE495D}.AppStore|Any CPU.ActiveCfg = Release|Any CPU
		{85E7C710-D317-4E2B-8A80-B9C6FDCE495D}.AppStore|Any CPU.Build.0 = Release|Any CPU
		{85E7C710-D317-4E2B-8A80-B9C6FDCE495D}.AppStore|ARM.ActiveCfg = Release|Any CPU
		{85E7C710-D317-4E2B-8A80-B9C6FDCE495D}.AppStore|iPhone.ActiveCfg = Release|Any CPU
		{85E7C710-D317-4E2B-8A80-B9C6FDCE495D}.AppStore|iPhoneSimulator.ActiveCfg = Release|Any CPU
		{85E7C710-D317-4E2B-8A80-B9C6FDCE495D}.AppStore|Mixed Platforms.ActiveCfg = Release|Any CPU
		{85E7C710-D317-4E2B-8A80-B9C6FDCE495D}.AppStore|Mixed Platforms.Build.0 = Release|Any CPU
		{85E7C710-D317-4E2B-8A80-B9C6FDCE495D}.AppStore|x64.ActiveCfg = Release|Any CPU
		{85E7C710-D317-4E2B-8A80-B9C6FDCE495D}.AppStore|x86.ActiveCfg = Release|Any CPU
		{85E7C710-D317-4E2B-8A80-B9C6FDCE495D}.Debug|Any CPU.ActiveCfg = Debug|Any CPU
		{85E7C710-D317-4E2B-8A80-B9C6FDCE495D}.Debug|Any CPU.Build.0 = Debug|Any CPU
		{85E7C710-D317-4E2B-8A80-B9C6FDCE495D}.Debug|ARM.ActiveCfg = Debug|Any CPU
		{85E7C710-D317-4E2B-8A80-B9C6FDCE495D}.Debug|iPhone.ActiveCfg = Debug|Any CPU
		{85E7C710-D317-4E2B-8A80-B9C6FDCE495D}.Debug|iPhone.Build.0 = Debug|Any CPU
		{85E7C710-D317-4E2B-8A80-B9C6FDCE495D}.Debug|iPhoneSimulator.ActiveCfg = Debug|Any CPU
		{85E7C710-D317-4E2B-8A80-B9C6FDCE495D}.Debug|iPhoneSimulator.Build.0 = Debug|Any CPU
		{85E7C710-D317-4E2B-8A80-B9C6FDCE495D}.Debug|Mixed Platforms.ActiveCfg = Debug|Any CPU
		{85E7C710-D317-4E2B-8A80-B9C6FDCE495D}.Debug|Mixed Platforms.Build.0 = Debug|Any CPU
		{85E7C710-D317-4E2B-8A80-B9C6FDCE495D}.Debug|x64.ActiveCfg = Debug|Any CPU
		{85E7C710-D317-4E2B-8A80-B9C6FDCE495D}.Debug|x86.ActiveCfg = Debug|Any CPU
		{85E7C710-D317-4E2B-8A80-B9C6FDCE495D}.Release|Any CPU.ActiveCfg = Release|Any CPU
		{85E7C710-D317-4E2B-8A80-B9C6FDCE495D}.Release|Any CPU.Build.0 = Release|Any CPU
		{85E7C710-D317-4E2B-8A80-B9C6FDCE495D}.Release|ARM.ActiveCfg = Release|Any CPU
		{85E7C710-D317-4E2B-8A80-B9C6FDCE495D}.Release|iPhone.ActiveCfg = Release|Any CPU
		{85E7C710-D317-4E2B-8A80-B9C6FDCE495D}.Release|iPhoneSimulator.ActiveCfg = Release|Any CPU
		{85E7C710-D317-4E2B-8A80-B9C6FDCE495D}.Release|Mixed Platforms.ActiveCfg = Release|Any CPU
		{85E7C710-D317-4E2B-8A80-B9C6FDCE495D}.Release|Mixed Platforms.Build.0 = Release|Any CPU
		{85E7C710-D317-4E2B-8A80-B9C6FDCE495D}.Release|x64.ActiveCfg = Release|Any CPU
		{85E7C710-D317-4E2B-8A80-B9C6FDCE495D}.Release|x86.ActiveCfg = Release|Any CPU
		{782106C3-3C18-4279-9F9A-AD2946E40EA5}.Ad-Hoc|Any CPU.ActiveCfg = Release|Any CPU
		{782106C3-3C18-4279-9F9A-AD2946E40EA5}.Ad-Hoc|Any CPU.Build.0 = Release|Any CPU
		{782106C3-3C18-4279-9F9A-AD2946E40EA5}.Ad-Hoc|Any CPU.Deploy.0 = Release|Any CPU
		{782106C3-3C18-4279-9F9A-AD2946E40EA5}.Ad-Hoc|ARM.ActiveCfg = Release|Any CPU
		{782106C3-3C18-4279-9F9A-AD2946E40EA5}.Ad-Hoc|iPhone.ActiveCfg = Release|Any CPU
		{782106C3-3C18-4279-9F9A-AD2946E40EA5}.Ad-Hoc|iPhoneSimulator.ActiveCfg = Release|Any CPU
		{782106C3-3C18-4279-9F9A-AD2946E40EA5}.Ad-Hoc|Mixed Platforms.ActiveCfg = Release|Any CPU
		{782106C3-3C18-4279-9F9A-AD2946E40EA5}.Ad-Hoc|Mixed Platforms.Build.0 = Release|Any CPU
		{782106C3-3C18-4279-9F9A-AD2946E40EA5}.Ad-Hoc|Mixed Platforms.Deploy.0 = Release|Any CPU
		{782106C3-3C18-4279-9F9A-AD2946E40EA5}.Ad-Hoc|x64.ActiveCfg = Release|Any CPU
		{782106C3-3C18-4279-9F9A-AD2946E40EA5}.Ad-Hoc|x86.ActiveCfg = Release|Any CPU
		{782106C3-3C18-4279-9F9A-AD2946E40EA5}.AppStore|Any CPU.ActiveCfg = Release|Any CPU
		{782106C3-3C18-4279-9F9A-AD2946E40EA5}.AppStore|Any CPU.Build.0 = Release|Any CPU
		{782106C3-3C18-4279-9F9A-AD2946E40EA5}.AppStore|Any CPU.Deploy.0 = Release|Any CPU
		{782106C3-3C18-4279-9F9A-AD2946E40EA5}.AppStore|ARM.ActiveCfg = Release|Any CPU
		{782106C3-3C18-4279-9F9A-AD2946E40EA5}.AppStore|iPhone.ActiveCfg = Release|Any CPU
		{782106C3-3C18-4279-9F9A-AD2946E40EA5}.AppStore|iPhoneSimulator.ActiveCfg = Release|Any CPU
		{782106C3-3C18-4279-9F9A-AD2946E40EA5}.AppStore|Mixed Platforms.ActiveCfg = Release|Any CPU
		{782106C3-3C18-4279-9F9A-AD2946E40EA5}.AppStore|Mixed Platforms.Build.0 = Release|Any CPU
		{782106C3-3C18-4279-9F9A-AD2946E40EA5}.AppStore|Mixed Platforms.Deploy.0 = Release|Any CPU
		{782106C3-3C18-4279-9F9A-AD2946E40EA5}.AppStore|x64.ActiveCfg = Release|Any CPU
		{782106C3-3C18-4279-9F9A-AD2946E40EA5}.AppStore|x86.ActiveCfg = Release|Any CPU
		{782106C3-3C18-4279-9F9A-AD2946E40EA5}.Debug|Any CPU.ActiveCfg = Debug|Any CPU
		{782106C3-3C18-4279-9F9A-AD2946E40EA5}.Debug|Any CPU.Build.0 = Debug|Any CPU
		{782106C3-3C18-4279-9F9A-AD2946E40EA5}.Debug|Any CPU.Deploy.0 = Debug|Any CPU
		{782106C3-3C18-4279-9F9A-AD2946E40EA5}.Debug|ARM.ActiveCfg = Debug|Any CPU
		{782106C3-3C18-4279-9F9A-AD2946E40EA5}.Debug|iPhone.ActiveCfg = Debug|Any CPU
		{782106C3-3C18-4279-9F9A-AD2946E40EA5}.Debug|iPhoneSimulator.ActiveCfg = Debug|Any CPU
		{782106C3-3C18-4279-9F9A-AD2946E40EA5}.Debug|Mixed Platforms.ActiveCfg = Debug|Any CPU
		{782106C3-3C18-4279-9F9A-AD2946E40EA5}.Debug|Mixed Platforms.Build.0 = Debug|Any CPU
		{782106C3-3C18-4279-9F9A-AD2946E40EA5}.Debug|Mixed Platforms.Deploy.0 = Debug|Any CPU
		{782106C3-3C18-4279-9F9A-AD2946E40EA5}.Debug|x64.ActiveCfg = Debug|Any CPU
		{782106C3-3C18-4279-9F9A-AD2946E40EA5}.Debug|x86.ActiveCfg = Debug|Any CPU
		{782106C3-3C18-4279-9F9A-AD2946E40EA5}.Release|Any CPU.ActiveCfg = Release|Any CPU
		{782106C3-3C18-4279-9F9A-AD2946E40EA5}.Release|Any CPU.Build.0 = Release|Any CPU
		{782106C3-3C18-4279-9F9A-AD2946E40EA5}.Release|Any CPU.Deploy.0 = Release|Any CPU
		{782106C3-3C18-4279-9F9A-AD2946E40EA5}.Release|ARM.ActiveCfg = Release|Any CPU
		{782106C3-3C18-4279-9F9A-AD2946E40EA5}.Release|iPhone.ActiveCfg = Release|Any CPU
		{782106C3-3C18-4279-9F9A-AD2946E40EA5}.Release|iPhoneSimulator.ActiveCfg = Release|Any CPU
		{782106C3-3C18-4279-9F9A-AD2946E40EA5}.Release|Mixed Platforms.ActiveCfg = Release|Any CPU
		{782106C3-3C18-4279-9F9A-AD2946E40EA5}.Release|Mixed Platforms.Build.0 = Release|Any CPU
		{782106C3-3C18-4279-9F9A-AD2946E40EA5}.Release|Mixed Platforms.Deploy.0 = Release|Any CPU
		{782106C3-3C18-4279-9F9A-AD2946E40EA5}.Release|x64.ActiveCfg = Release|Any CPU
		{782106C3-3C18-4279-9F9A-AD2946E40EA5}.Release|x86.ActiveCfg = Release|Any CPU
		{F66166D5-7E86-4753-B00D-D6C20896CEE8}.Ad-Hoc|Any CPU.ActiveCfg = Release|Any CPU
		{F66166D5-7E86-4753-B00D-D6C20896CEE8}.Ad-Hoc|Any CPU.Build.0 = Release|Any CPU
		{F66166D5-7E86-4753-B00D-D6C20896CEE8}.Ad-Hoc|Any CPU.Deploy.0 = Release|Any CPU
		{F66166D5-7E86-4753-B00D-D6C20896CEE8}.Ad-Hoc|ARM.ActiveCfg = Release|Any CPU
		{F66166D5-7E86-4753-B00D-D6C20896CEE8}.Ad-Hoc|iPhone.ActiveCfg = Release|Any CPU
		{F66166D5-7E86-4753-B00D-D6C20896CEE8}.Ad-Hoc|iPhoneSimulator.ActiveCfg = Release|Any CPU
		{F66166D5-7E86-4753-B00D-D6C20896CEE8}.Ad-Hoc|Mixed Platforms.ActiveCfg = Release|Any CPU
		{F66166D5-7E86-4753-B00D-D6C20896CEE8}.Ad-Hoc|Mixed Platforms.Build.0 = Release|Any CPU
		{F66166D5-7E86-4753-B00D-D6C20896CEE8}.Ad-Hoc|Mixed Platforms.Deploy.0 = Release|Any CPU
		{F66166D5-7E86-4753-B00D-D6C20896CEE8}.Ad-Hoc|x64.ActiveCfg = Release|Any CPU
		{F66166D5-7E86-4753-B00D-D6C20896CEE8}.Ad-Hoc|x86.ActiveCfg = Release|Any CPU
		{F66166D5-7E86-4753-B00D-D6C20896CEE8}.AppStore|Any CPU.ActiveCfg = Release|Any CPU
		{F66166D5-7E86-4753-B00D-D6C20896CEE8}.AppStore|Any CPU.Build.0 = Release|Any CPU
		{F66166D5-7E86-4753-B00D-D6C20896CEE8}.AppStore|Any CPU.Deploy.0 = Release|Any CPU
		{F66166D5-7E86-4753-B00D-D6C20896CEE8}.AppStore|ARM.ActiveCfg = Release|Any CPU
		{F66166D5-7E86-4753-B00D-D6C20896CEE8}.AppStore|iPhone.ActiveCfg = Release|Any CPU
		{F66166D5-7E86-4753-B00D-D6C20896CEE8}.AppStore|iPhoneSimulator.ActiveCfg = Release|Any CPU
		{F66166D5-7E86-4753-B00D-D6C20896CEE8}.AppStore|Mixed Platforms.ActiveCfg = Release|Any CPU
		{F66166D5-7E86-4753-B00D-D6C20896CEE8}.AppStore|Mixed Platforms.Build.0 = Release|Any CPU
		{F66166D5-7E86-4753-B00D-D6C20896CEE8}.AppStore|Mixed Platforms.Deploy.0 = Release|Any CPU
		{F66166D5-7E86-4753-B00D-D6C20896CEE8}.AppStore|x64.ActiveCfg = Release|Any CPU
		{F66166D5-7E86-4753-B00D-D6C20896CEE8}.AppStore|x86.ActiveCfg = Release|Any CPU
		{F66166D5-7E86-4753-B00D-D6C20896CEE8}.Debug|Any CPU.ActiveCfg = Debug|Any CPU
		{F66166D5-7E86-4753-B00D-D6C20896CEE8}.Debug|Any CPU.Build.0 = Debug|Any CPU
		{F66166D5-7E86-4753-B00D-D6C20896CEE8}.Debug|Any CPU.Deploy.0 = Debug|Any CPU
		{F66166D5-7E86-4753-B00D-D6C20896CEE8}.Debug|ARM.ActiveCfg = Debug|Any CPU
		{F66166D5-7E86-4753-B00D-D6C20896CEE8}.Debug|iPhone.ActiveCfg = Debug|Any CPU
		{F66166D5-7E86-4753-B00D-D6C20896CEE8}.Debug|iPhoneSimulator.ActiveCfg = Debug|Any CPU
		{F66166D5-7E86-4753-B00D-D6C20896CEE8}.Debug|Mixed Platforms.ActiveCfg = Debug|Any CPU
		{F66166D5-7E86-4753-B00D-D6C20896CEE8}.Debug|Mixed Platforms.Build.0 = Debug|Any CPU
		{F66166D5-7E86-4753-B00D-D6C20896CEE8}.Debug|Mixed Platforms.Deploy.0 = Debug|Any CPU
		{F66166D5-7E86-4753-B00D-D6C20896CEE8}.Debug|x64.ActiveCfg = Debug|Any CPU
		{F66166D5-7E86-4753-B00D-D6C20896CEE8}.Debug|x86.ActiveCfg = Debug|Any CPU
		{F66166D5-7E86-4753-B00D-D6C20896CEE8}.Release|Any CPU.ActiveCfg = Release|Any CPU
		{F66166D5-7E86-4753-B00D-D6C20896CEE8}.Release|Any CPU.Build.0 = Release|Any CPU
		{F66166D5-7E86-4753-B00D-D6C20896CEE8}.Release|Any CPU.Deploy.0 = Release|Any CPU
		{F66166D5-7E86-4753-B00D-D6C20896CEE8}.Release|ARM.ActiveCfg = Release|Any CPU
		{F66166D5-7E86-4753-B00D-D6C20896CEE8}.Release|iPhone.ActiveCfg = Release|Any CPU
		{F66166D5-7E86-4753-B00D-D6C20896CEE8}.Release|iPhoneSimulator.ActiveCfg = Release|Any CPU
		{F66166D5-7E86-4753-B00D-D6C20896CEE8}.Release|Mixed Platforms.ActiveCfg = Release|Any CPU
		{F66166D5-7E86-4753-B00D-D6C20896CEE8}.Release|Mixed Platforms.Build.0 = Release|Any CPU
		{F66166D5-7E86-4753-B00D-D6C20896CEE8}.Release|Mixed Platforms.Deploy.0 = Release|Any CPU
		{F66166D5-7E86-4753-B00D-D6C20896CEE8}.Release|x64.ActiveCfg = Release|Any CPU
		{F66166D5-7E86-4753-B00D-D6C20896CEE8}.Release|x86.ActiveCfg = Release|Any CPU
		{93A9C4DB-5E88-4426-BAF9-C609C912A998}.Ad-Hoc|Any CPU.ActiveCfg = Release|Any CPU
		{93A9C4DB-5E88-4426-BAF9-C609C912A998}.Ad-Hoc|Any CPU.Build.0 = Release|Any CPU
		{93A9C4DB-5E88-4426-BAF9-C609C912A998}.Ad-Hoc|Any CPU.Deploy.0 = Release|Any CPU
		{93A9C4DB-5E88-4426-BAF9-C609C912A998}.Ad-Hoc|ARM.ActiveCfg = Release|ARM
		{93A9C4DB-5E88-4426-BAF9-C609C912A998}.Ad-Hoc|ARM.Build.0 = Release|ARM
		{93A9C4DB-5E88-4426-BAF9-C609C912A998}.Ad-Hoc|ARM.Deploy.0 = Release|ARM
		{93A9C4DB-5E88-4426-BAF9-C609C912A998}.Ad-Hoc|iPhone.ActiveCfg = Release|Any CPU
		{93A9C4DB-5E88-4426-BAF9-C609C912A998}.Ad-Hoc|iPhoneSimulator.ActiveCfg = Release|Any CPU
		{93A9C4DB-5E88-4426-BAF9-C609C912A998}.Ad-Hoc|Mixed Platforms.ActiveCfg = Release|x86
		{93A9C4DB-5E88-4426-BAF9-C609C912A998}.Ad-Hoc|Mixed Platforms.Build.0 = Release|x86
		{93A9C4DB-5E88-4426-BAF9-C609C912A998}.Ad-Hoc|Mixed Platforms.Deploy.0 = Release|x86
		{93A9C4DB-5E88-4426-BAF9-C609C912A998}.Ad-Hoc|x64.ActiveCfg = Release|x64
		{93A9C4DB-5E88-4426-BAF9-C609C912A998}.Ad-Hoc|x64.Build.0 = Release|x64
		{93A9C4DB-5E88-4426-BAF9-C609C912A998}.Ad-Hoc|x64.Deploy.0 = Release|x64
		{93A9C4DB-5E88-4426-BAF9-C609C912A998}.Ad-Hoc|x86.ActiveCfg = Release|x86
		{93A9C4DB-5E88-4426-BAF9-C609C912A998}.Ad-Hoc|x86.Build.0 = Release|x86
		{93A9C4DB-5E88-4426-BAF9-C609C912A998}.Ad-Hoc|x86.Deploy.0 = Release|x86
		{93A9C4DB-5E88-4426-BAF9-C609C912A998}.AppStore|Any CPU.ActiveCfg = Release|Any CPU
		{93A9C4DB-5E88-4426-BAF9-C609C912A998}.AppStore|Any CPU.Build.0 = Release|Any CPU
		{93A9C4DB-5E88-4426-BAF9-C609C912A998}.AppStore|Any CPU.Deploy.0 = Release|Any CPU
		{93A9C4DB-5E88-4426-BAF9-C609C912A998}.AppStore|ARM.ActiveCfg = Release|ARM
		{93A9C4DB-5E88-4426-BAF9-C609C912A998}.AppStore|ARM.Build.0 = Release|ARM
		{93A9C4DB-5E88-4426-BAF9-C609C912A998}.AppStore|ARM.Deploy.0 = Release|ARM
		{93A9C4DB-5E88-4426-BAF9-C609C912A998}.AppStore|iPhone.ActiveCfg = Release|Any CPU
		{93A9C4DB-5E88-4426-BAF9-C609C912A998}.AppStore|iPhoneSimulator.ActiveCfg = Release|Any CPU
		{93A9C4DB-5E88-4426-BAF9-C609C912A998}.AppStore|Mixed Platforms.ActiveCfg = Release|x86
		{93A9C4DB-5E88-4426-BAF9-C609C912A998}.AppStore|Mixed Platforms.Build.0 = Release|x86
		{93A9C4DB-5E88-4426-BAF9-C609C912A998}.AppStore|Mixed Platforms.Deploy.0 = Release|x86
		{93A9C4DB-5E88-4426-BAF9-C609C912A998}.AppStore|x64.ActiveCfg = Release|x64
		{93A9C4DB-5E88-4426-BAF9-C609C912A998}.AppStore|x64.Build.0 = Release|x64
		{93A9C4DB-5E88-4426-BAF9-C609C912A998}.AppStore|x64.Deploy.0 = Release|x64
		{93A9C4DB-5E88-4426-BAF9-C609C912A998}.AppStore|x86.ActiveCfg = Release|x86
		{93A9C4DB-5E88-4426-BAF9-C609C912A998}.AppStore|x86.Build.0 = Release|x86
		{93A9C4DB-5E88-4426-BAF9-C609C912A998}.AppStore|x86.Deploy.0 = Release|x86
		{93A9C4DB-5E88-4426-BAF9-C609C912A998}.Debug|Any CPU.ActiveCfg = Debug|Any CPU
		{93A9C4DB-5E88-4426-BAF9-C609C912A998}.Debug|Any CPU.Build.0 = Debug|Any CPU
		{93A9C4DB-5E88-4426-BAF9-C609C912A998}.Debug|Any CPU.Deploy.0 = Debug|Any CPU
		{93A9C4DB-5E88-4426-BAF9-C609C912A998}.Debug|ARM.ActiveCfg = Debug|ARM
		{93A9C4DB-5E88-4426-BAF9-C609C912A998}.Debug|ARM.Build.0 = Debug|ARM
		{93A9C4DB-5E88-4426-BAF9-C609C912A998}.Debug|ARM.Deploy.0 = Debug|ARM
		{93A9C4DB-5E88-4426-BAF9-C609C912A998}.Debug|iPhone.ActiveCfg = Debug|Any CPU
		{93A9C4DB-5E88-4426-BAF9-C609C912A998}.Debug|iPhoneSimulator.ActiveCfg = Debug|Any CPU
		{93A9C4DB-5E88-4426-BAF9-C609C912A998}.Debug|Mixed Platforms.ActiveCfg = Debug|x86
		{93A9C4DB-5E88-4426-BAF9-C609C912A998}.Debug|Mixed Platforms.Build.0 = Debug|x86
		{93A9C4DB-5E88-4426-BAF9-C609C912A998}.Debug|Mixed Platforms.Deploy.0 = Debug|x86
		{93A9C4DB-5E88-4426-BAF9-C609C912A998}.Debug|x64.ActiveCfg = Debug|x64
		{93A9C4DB-5E88-4426-BAF9-C609C912A998}.Debug|x64.Build.0 = Debug|x64
		{93A9C4DB-5E88-4426-BAF9-C609C912A998}.Debug|x64.Deploy.0 = Debug|x64
		{93A9C4DB-5E88-4426-BAF9-C609C912A998}.Debug|x86.ActiveCfg = Debug|x86
		{93A9C4DB-5E88-4426-BAF9-C609C912A998}.Debug|x86.Build.0 = Debug|x86
		{93A9C4DB-5E88-4426-BAF9-C609C912A998}.Debug|x86.Deploy.0 = Debug|x86
		{93A9C4DB-5E88-4426-BAF9-C609C912A998}.Release|Any CPU.ActiveCfg = Release|Any CPU
		{93A9C4DB-5E88-4426-BAF9-C609C912A998}.Release|Any CPU.Build.0 = Release|Any CPU
		{93A9C4DB-5E88-4426-BAF9-C609C912A998}.Release|Any CPU.Deploy.0 = Release|Any CPU
		{93A9C4DB-5E88-4426-BAF9-C609C912A998}.Release|ARM.ActiveCfg = Release|ARM
		{93A9C4DB-5E88-4426-BAF9-C609C912A998}.Release|ARM.Build.0 = Release|ARM
		{93A9C4DB-5E88-4426-BAF9-C609C912A998}.Release|ARM.Deploy.0 = Release|ARM
		{93A9C4DB-5E88-4426-BAF9-C609C912A998}.Release|iPhone.ActiveCfg = Release|Any CPU
		{93A9C4DB-5E88-4426-BAF9-C609C912A998}.Release|iPhoneSimulator.ActiveCfg = Release|Any CPU
		{93A9C4DB-5E88-4426-BAF9-C609C912A998}.Release|Mixed Platforms.ActiveCfg = Release|x86
		{93A9C4DB-5E88-4426-BAF9-C609C912A998}.Release|Mixed Platforms.Build.0 = Release|x86
		{93A9C4DB-5E88-4426-BAF9-C609C912A998}.Release|Mixed Platforms.Deploy.0 = Release|x86
		{93A9C4DB-5E88-4426-BAF9-C609C912A998}.Release|x64.ActiveCfg = Release|x64
		{93A9C4DB-5E88-4426-BAF9-C609C912A998}.Release|x64.Build.0 = Release|x64
		{93A9C4DB-5E88-4426-BAF9-C609C912A998}.Release|x64.Deploy.0 = Release|x64
		{93A9C4DB-5E88-4426-BAF9-C609C912A998}.Release|x86.ActiveCfg = Release|x86
		{93A9C4DB-5E88-4426-BAF9-C609C912A998}.Release|x86.Build.0 = Release|x86
		{93A9C4DB-5E88-4426-BAF9-C609C912A998}.Release|x86.Deploy.0 = Release|x86
		{67895C5F-62E7-44AE-907D-E031BE608748}.Ad-Hoc|Any CPU.ActiveCfg = Ad-Hoc|iPhone
		{67895C5F-62E7-44AE-907D-E031BE608748}.Ad-Hoc|ARM.ActiveCfg = Ad-Hoc|iPhone
		{67895C5F-62E7-44AE-907D-E031BE608748}.Ad-Hoc|iPhone.ActiveCfg = Ad-Hoc|iPhone
		{67895C5F-62E7-44AE-907D-E031BE608748}.Ad-Hoc|iPhone.Build.0 = Ad-Hoc|iPhone
		{67895C5F-62E7-44AE-907D-E031BE608748}.Ad-Hoc|iPhoneSimulator.ActiveCfg = Ad-Hoc|iPhoneSimulator
		{67895C5F-62E7-44AE-907D-E031BE608748}.Ad-Hoc|iPhoneSimulator.Build.0 = Ad-Hoc|iPhoneSimulator
		{67895C5F-62E7-44AE-907D-E031BE608748}.Ad-Hoc|Mixed Platforms.ActiveCfg = Ad-Hoc|iPhone
		{67895C5F-62E7-44AE-907D-E031BE608748}.Ad-Hoc|Mixed Platforms.Build.0 = Ad-Hoc|iPhone
		{67895C5F-62E7-44AE-907D-E031BE608748}.Ad-Hoc|x64.ActiveCfg = Ad-Hoc|iPhone
		{67895C5F-62E7-44AE-907D-E031BE608748}.Ad-Hoc|x86.ActiveCfg = Ad-Hoc|iPhone
		{67895C5F-62E7-44AE-907D-E031BE608748}.AppStore|Any CPU.ActiveCfg = AppStore|iPhone
		{67895C5F-62E7-44AE-907D-E031BE608748}.AppStore|ARM.ActiveCfg = AppStore|iPhone
		{67895C5F-62E7-44AE-907D-E031BE608748}.AppStore|iPhone.ActiveCfg = AppStore|iPhone
		{67895C5F-62E7-44AE-907D-E031BE608748}.AppStore|iPhone.Build.0 = AppStore|iPhone
		{67895C5F-62E7-44AE-907D-E031BE608748}.AppStore|iPhoneSimulator.ActiveCfg = AppStore|iPhoneSimulator
		{67895C5F-62E7-44AE-907D-E031BE608748}.AppStore|iPhoneSimulator.Build.0 = AppStore|iPhoneSimulator
		{67895C5F-62E7-44AE-907D-E031BE608748}.AppStore|Mixed Platforms.ActiveCfg = AppStore|iPhone
		{67895C5F-62E7-44AE-907D-E031BE608748}.AppStore|Mixed Platforms.Build.0 = AppStore|iPhone
		{67895C5F-62E7-44AE-907D-E031BE608748}.AppStore|x64.ActiveCfg = AppStore|iPhone
		{67895C5F-62E7-44AE-907D-E031BE608748}.AppStore|x86.ActiveCfg = AppStore|iPhone
		{67895C5F-62E7-44AE-907D-E031BE608748}.Debug|Any CPU.ActiveCfg = Debug|iPhone
		{67895C5F-62E7-44AE-907D-E031BE608748}.Debug|Any CPU.Build.0 = Debug|iPhone
		{67895C5F-62E7-44AE-907D-E031BE608748}.Debug|Any CPU.Deploy.0 = Debug|iPhone
		{67895C5F-62E7-44AE-907D-E031BE608748}.Debug|ARM.ActiveCfg = Debug|iPhone
		{67895C5F-62E7-44AE-907D-E031BE608748}.Debug|iPhone.ActiveCfg = Debug|iPhone
		{67895C5F-62E7-44AE-907D-E031BE608748}.Debug|iPhone.Build.0 = Debug|iPhone
		{67895C5F-62E7-44AE-907D-E031BE608748}.Debug|iPhone.Deploy.0 = Debug|iPhone
		{67895C5F-62E7-44AE-907D-E031BE608748}.Debug|iPhoneSimulator.ActiveCfg = Debug|iPhoneSimulator
		{67895C5F-62E7-44AE-907D-E031BE608748}.Debug|iPhoneSimulator.Build.0 = Debug|iPhoneSimulator
		{67895C5F-62E7-44AE-907D-E031BE608748}.Debug|Mixed Platforms.ActiveCfg = Debug|iPhone
		{67895C5F-62E7-44AE-907D-E031BE608748}.Debug|Mixed Platforms.Build.0 = Debug|iPhone
		{67895C5F-62E7-44AE-907D-E031BE608748}.Debug|x64.ActiveCfg = Debug|iPhone
		{67895C5F-62E7-44AE-907D-E031BE608748}.Debug|x86.ActiveCfg = Debug|iPhone
		{67895C5F-62E7-44AE-907D-E031BE608748}.Release|Any CPU.ActiveCfg = Release|iPhone
		{67895C5F-62E7-44AE-907D-E031BE608748}.Release|ARM.ActiveCfg = Release|iPhone
		{67895C5F-62E7-44AE-907D-E031BE608748}.Release|iPhone.ActiveCfg = Release|iPhone
		{67895C5F-62E7-44AE-907D-E031BE608748}.Release|iPhone.Build.0 = Release|iPhone
		{67895C5F-62E7-44AE-907D-E031BE608748}.Release|iPhoneSimulator.ActiveCfg = Release|iPhoneSimulator
		{67895C5F-62E7-44AE-907D-E031BE608748}.Release|iPhoneSimulator.Build.0 = Release|iPhoneSimulator
		{67895C5F-62E7-44AE-907D-E031BE608748}.Release|Mixed Platforms.ActiveCfg = Release|iPhone
		{67895C5F-62E7-44AE-907D-E031BE608748}.Release|Mixed Platforms.Build.0 = Release|iPhone
		{67895C5F-62E7-44AE-907D-E031BE608748}.Release|x64.ActiveCfg = Release|iPhone
		{67895C5F-62E7-44AE-907D-E031BE608748}.Release|x86.ActiveCfg = Release|iPhone
	EndGlobalSection
	GlobalSection(SolutionProperties) = preSolution
		HideSolutionNode = FALSE
	EndGlobalSection
	GlobalSection(NestedProjects) = preSolution
		{9D5C6732-ADAE-4676-86F0-379899A867FF} = {DB62220F-85F0-40E8-9362-F413156837CF}
		{36228B32-A08B-477B-9320-EC5EA5DF05A3} = {DB62220F-85F0-40E8-9362-F413156837CF}
		{66002805-EBCE-4B07-A0B3-9BE19927FF87} = {DB62220F-85F0-40E8-9362-F413156837CF}
		{64C85398-A083-4132-96F2-C703948262EF} = {DB62220F-85F0-40E8-9362-F413156837CF}
		{4413E9E5-7A45-41CD-BEF8-0DFB3FB11C6B} = {DB62220F-85F0-40E8-9362-F413156837CF}
		{85E7C710-D317-4E2B-8A80-B9C6FDCE495D} = {4343E0E6-EC15-4E15-85EB-CC47ADF85C6D}
		{782106C3-3C18-4279-9F9A-AD2946E40EA5} = {4343E0E6-EC15-4E15-85EB-CC47ADF85C6D}
		{F66166D5-7E86-4753-B00D-D6C20896CEE8} = {4343E0E6-EC15-4E15-85EB-CC47ADF85C6D}
		{93A9C4DB-5E88-4426-BAF9-C609C912A998} = {4343E0E6-EC15-4E15-85EB-CC47ADF85C6D}
		{67895C5F-62E7-44AE-907D-E031BE608748} = {4343E0E6-EC15-4E15-85EB-CC47ADF85C6D}
	EndGlobalSection
EndGlobal
